<?xml version="1.0" encoding="utf-8"?>
<Project ToolsVersion="4.0" xmlns="http://schemas.microsoft.com/developer/msbuild/2003">
  <ItemGroup>
    <Filter Include="Source Files">
      <UniqueIdentifier>{a7a369ae-5427-42eb-884e-9e0deeaa8991}</UniqueIdentifier>
      <Extensions>cpp;c;cxx;def;odl;idl;hpj;bat;asm</Extensions>
    </Filter>
    <Filter Include="Header Files">
      <UniqueIdentifier>{49a8d13e-19ea-475b-9c8d-7539a18c6fae}</UniqueIdentifier>
      <Extensions>h;hpp;hxx;hm;inl;inc</Extensions>
    </Filter>
    <Filter Include="Resource Files">
      <UniqueIdentifier>{003e4215-a1e6-4377-aa33-250b12516a1d}</UniqueIdentifier>
      <Extensions>rc;ico;cur;bmp;dlg;rc2;rct;bin;rgs;gif;jpg;jpeg;jpe</Extensions>
    </Filter>
  </ItemGroup>
  <ItemGroup>
    <ClCompile Include="Aabb.cpp">
      <Filter>Source Files</Filter>
    </ClCompile>
    <ClCompile Include="Integration.cpp">
      <Filter>Source Files</Filter>
    </ClCompile>
    <ClCompile Include="LinearR2.cpp">
      <Filter>Source Files</Filter>
    </ClCompile>
    <ClCompile Include="LinearR3.cpp">
      <Filter>Source Files</Filter>
    </ClCompile>
    <ClCompile Include="LinearR4.cpp">
      <Filter>Source Files</Filter>
    </ClCompile>
    <ClCompile Include="MatrixLowerRnn.cpp">
      <Filter>Source Files</Filter>
    </ClCompile>
    <ClCompile Include="MatrixRmn.cpp">
      <Filter>Source Files</Filter>
    </ClCompile>
    <ClCompile Include="MersenneTwister.cpp">
      <Filter>Source Files</Filter>
    </ClCompile>
    <ClCompile Include="Numbers.cpp">
      <Filter>Source Files</Filter>
    </ClCompile>
    <ClCompile Include="Parallelepiped.cpp">
      <Filter>Source Files</Filter>
    </ClCompile>
    <ClCompile Include="PolygonClip.cpp">
      <Filter>Source Files</Filter>
    </ClCompile>
    <ClCompile Include="PolygonIntersect.cpp">
      <Filter>Source Files</Filter>
    </ClCompile>
    <ClCompile Include="PolynomialRC.cpp">
      <Filter>Source Files</Filter>
    </ClCompile>
    <ClCompile Include="Quaternion.cpp">
      <Filter>Source Files</Filter>
    </ClCompile>
    <ClCompile Include="RationalExtrapolation.cpp">
      <Filter>Source Files</Filter>
    </ClCompile>
    <ClCompile Include="ScalarWithHessian.cpp">
      <Filter>Source Files</Filter>
    </ClCompile>
    <ClCompile Include="ScalarWithPartials.cpp">
      <Filter>Source Files</Filter>
    </ClCompile>
    <ClCompile Include="Slerp.cpp">
      <Filter>Source Files</Filter>
    </ClCompile>
    <ClCompile Include="Statistics.cpp">
      <Filter>Source Files</Filter>
    </ClCompile>
    <ClCompile Include="VectorRn.cpp">
      <Filter>Source Files</Filter>
    </ClCompile>
  </ItemGroup>
  <ItemGroup>
    <ClInclude Include="Aabb.h">
      <Filter>Header Files</Filter>
    </ClInclude>
    <ClInclude Include="Integration.h">
      <Filter>Header Files</Filter>
    </ClInclude>
    <ClInclude Include="LinearR2.h">
      <Filter>Header Files</Filter>
    </ClInclude>
    <ClInclude Include="LinearR3.h">
      <Filter>Header Files</Filter>
    </ClInclude>
    <ClInclude Include="LinearR4.h">
      <Filter>Header Files</Filter>
    </ClInclude>
    <ClInclude Include="MathMisc.h">
      <Filter>Header Files</Filter>
    </ClInclude>
    <ClInclude Include="MatrixLowerRnn.h">
      <Filter>Header Files</Filter>
    </ClInclude>
    <ClInclude Include="MatrixRmn.h">
      <Filter>Header Files</Filter>
    </ClInclude>
    <ClInclude Include="MersenneTwister.h">
      <Filter>Header Files</Filter>
    </ClInclude>
    <ClInclude Include="Numbers.h">
      <Filter>Header Files</Filter>
    </ClInclude>
    <ClInclude Include="Parallelepiped.h">
      <Filter>Header Files</Filter>
    </ClInclude>
    <ClInclude Include="PolygonClip.h">
      <Filter>Header Files</Filter>
    </ClInclude>
    <ClInclude Include="PolygonIntersect.h">
      <Filter>Header Files</Filter>
    </ClInclude>
    <ClInclude Include="PolynomialRC.h">
      <Filter>Header Files</Filter>
    </ClInclude>
    <ClInclude Include="Quaternion.h">
      <Filter>Header Files</Filter>
    </ClInclude>
    <ClInclude Include="RationalExtrapolation.h">
      <Filter>Header Files</Filter>
    </ClInclude>
    <ClInclude Include="ScalarWithHessian.h">
      <Filter>Header Files</Filter>
    </ClInclude>
    <ClInclude Include="ScalarWithPartials.h">
      <Filter>Header Files</Filter>
    </ClInclude>
    <ClInclude Include="Slerp.h">
      <Filter>Header Files</Filter>
    </ClInclude>
    <ClInclude Include="Statistics.h">
      <Filter>Header Files</Filter>
    </ClInclude>
    <ClInclude Include="VectorRn.h">
      <Filter>Header Files</Filter>
    </ClInclude>
  </ItemGroup>
</Project>