<?xml version="1.0" encoding="utf-8"?>
<Project ToolsVersion="4.0" xmlns="http://schemas.microsoft.com/developer/msbuild/2003">
  <ItemGroup>
    <Filter Include="Source Files">
      <UniqueIdentifier>{5bda53e7-0c9f-4d92-a12d-8f28e32f87df}</UniqueIdentifier>
      <Extensions>cpp;c;cxx;rc;def;r;odl;idl;hpj;bat</Extensions>
    </Filter>
    <Filter Include="Header Files">
      <UniqueIdentifier>{7d13ce0e-68d4-4aa6-b3b8-a9d61d0cfd5e}</UniqueIdentifier>
      <Extensions>h;hpp;hxx;hm;inl</Extensions>
    </Filter>
  </ItemGroup>
  <ItemGroup>
    <ClCompile Include="BumpMapFunction.cpp">
      <Filter>Source Files</Filter>
    </ClCompile>
    <ClCompile Include="CameraView.cpp">
      <Filter>Source Files</Filter>
    </ClCompile>
    <ClCompile Include="DirectLight.cpp">
      <Filter>Source Files</Filter>
    </ClCompile>
    <ClCompile Include="Extents.cpp">
      <Filter>Source Files</Filter>
    </ClCompile>
    <ClCompile Include="Material.cpp">
      <Filter>Source Files</Filter>
    </ClCompile>
    <ClCompile Include="MaterialCookTorrance.cpp">
      <Filter>Source Files</Filter>
    </ClCompile>
    <ClCompile Include="PixelArray.cpp">
      <Filter>Source Files</Filter>
    </ClCompile>
    <ClCompile Include="RgbImage.cpp">
      <Filter>Source Files</Filter>
    </ClCompile>
    <ClCompile Include="TextureAffineXform.cpp">
      <Filter>Source Files</Filter>
    </ClCompile>
    <ClCompile Include="TextureBilinearXform.cpp">
      <Filter>Source Files</Filter>
    </ClCompile>
    <ClCompile Include="TextureCheckered.cpp">
      <Filter>Source Files</Filter>
    </ClCompile>
    <ClCompile Include="TextureMapBase.cpp">
      <Filter>Source Files</Filter>
    </ClCompile>
    <ClCompile Include="TextureMultiFaces.cpp">
      <Filter>Source Files</Filter>
    </ClCompile>
    <ClCompile Include="TextureRgbImage.cpp">
      <Filter>Source Files</Filter>
    </ClCompile>
    <ClCompile Include="TextureSequence.cpp">
      <Filter>Source Files</Filter>
    </ClCompile>
    <ClCompile Include="TransformViewable.cpp">
      <Filter>Source Files</Filter>
    </ClCompile>
    <ClCompile Include="ViewableBase.cpp">
      <Filter>Source Files</Filter>
    </ClCompile>
    <ClCompile Include="ViewableBezierSet.cpp">
      <Filter>Source Files</Filter>
    </ClCompile>
    <ClCompile Include="ViewableCone.cpp">
      <Filter>Source Files</Filter>
    </ClCompile>
    <ClCompile Include="ViewableCylinder.cpp">
      <Filter>Source Files</Filter>
    </ClCompile>
    <ClCompile Include="ViewableEllipsoid.cpp">
      <Filter>Source Files</Filter>
    </ClCompile>
    <ClCompile Include="ViewableParallelepiped.cpp">
      <Filter>Source Files</Filter>
    </ClCompile>
    <ClCompile Include="ViewableParallelogram.cpp">
      <Filter>Source Files</Filter>
    </ClCompile>
    <ClCompile Include="ViewableSphere.cpp">
      <Filter>Source Files</Filter>
    </ClCompile>
    <ClCompile Include="ViewableTorus.cpp">
      <Filter>Source Files</Filter>
    </ClCompile>
    <ClCompile Include="ViewableTriangle.cpp">
      <Filter>Source Files</Filter>
    </ClCompile>
  </ItemGroup>
  <ItemGroup>
    <ClInclude Include="BumpMapFunction.h">
      <Filter>Header Files</Filter>
    </ClInclude>
    <ClInclude Include="CameraView.h">
      <Filter>Header Files</Filter>
    </ClInclude>
    <ClInclude Include="DirectLight.h">
      <Filter>Header Files</Filter>
    </ClInclude>
    <ClInclude Include="Extents.h">
      <Filter>Header Files</Filter>
    </ClInclude>
    <ClInclude Include="Light.h">
      <Filter>Header Files</Filter>
    </ClInclude>
    <ClInclude Include="Material.h">
      <Filter>Header Files</Filter>
    </ClInclude>
    <ClInclude Include="MaterialBase.h">
      <Filter>Header Files</Filter>
    </ClInclude>
    <ClInclude Include="MaterialCookTorrance.h">
      <Filter>Header Files</Filter>
    </ClInclude>
    <ClInclude Include="PixelArray.h">
      <Filter>Header Files</Filter>
    </ClInclude>
    <ClInclude Include="RgbImage.h">
      <Filter>Header Files</Filter>
    </ClInclude>
    <ClInclude Include="TextureAffineXform.h">
      <Filter>Header Files</Filter>
    </ClInclude>
    <ClInclude Include="TextureBilinearXform.h">
      <Filter>Header Files</Filter>
    </ClInclude>
    <ClInclude Include="TextureCheckered.h">
      <Filter>Header Files</Filter>
    </ClInclude>
    <ClInclude Include="TextureMapBase.h">
      <Filter>Header Files</Filter>
    </ClInclude>
    <ClInclude Include="TextureMultiFaces.h">
      <Filter>Header Files</Filter>
    </ClInclude>
    <ClInclude Include="TextureRgbImage.h">
      <Filter>Header Files</Filter>
    </ClInclude>
    <ClInclude Include="TextureSequence.h">
      <Filter>Header Files</Filter>
    </ClInclude>
    <ClInclude Include="TransformViewable.h">
      <Filter>Header Files</Filter>
    </ClInclude>
    <ClInclude Include="ViewableBase.h">
      <Filter>Header Files</Filter>
    </ClInclude>
    <ClInclude Include="ViewableBezierSet.h">
      <Filter>Header Files</Filter>
    </ClInclude>
    <ClInclude Include="ViewableCone.h">
      <Filter>Header Files</Filter>
    </ClInclude>
    <ClInclude Include="ViewableCylinder.h">
      <Filter>Header Files</Filter>
    </ClInclude>
    <ClInclude Include="ViewableEllipsoid.h">
      <Filter>Header Files</Filter>
    </ClInclude>
    <ClInclude Include="ViewableParallelepiped.h">
      <Filter>Header Files</Filter>
    </ClInclude>
    <ClInclude Include="ViewableParallelogram.h">
      <Filter>Header Files</Filter>
    </ClInclude>
    <ClInclude Include="ViewableSphere.h">
      <Filter>Header Files</Filter>
    </ClInclude>
    <ClInclude Include="ViewableTorus.h">
      <Filter>Header Files</Filter>
    </ClInclude>
    <ClInclude Include="ViewableTriangle.h">
      <Filter>Header Files</Filter>
    </ClInclude>
    <ClInclude Include="VisiblePoint.h">
      <Filter>Header Files</Filter>
    </ClInclude>
  </ItemGroup>
  <ItemGroup>
    <None Include="packages.config" />
  </ItemGroup>
</Project>